
Microsoft Visual Studio Solution File, Format Version 12.00
# Visual Studio Version 16
VisualStudioVersion = 16.0.29806.167
MinimumVisualStudioVersion = 10.0.40219.1
Project("{9A19103F-16F7-4668-BE54-9A1E7A4F7556}") = "SmartStore.App", "src\SmartStore.App\SmartStore.App\SmartStore.App.csproj", "{2C4F1B38-996F-4F99-ABBF-B43EC004F4A4}"
EndProject
Project("{FAE04EC0-301F-11D3-BF4B-00C04F79EFBC}") = "SmartStore.App.Android", "src\SmartStore.App\SmartStore.App.Android\SmartStore.App.Android.csproj", "{F22D9A43-6ED0-4C0C-B430-3AE09F7277FB}"
EndProject
Project("{FAE04EC0-301F-11D3-BF4B-00C04F79EFBC}") = "SmartStore.App.iOS", "src\SmartStore.App\SmartStore.App.iOS\SmartStore.App.iOS.csproj", "{3AEA9D82-66EE-4535-8541-167213A949C3}"
EndProject
Project("{FAE04EC0-301F-11D3-BF4B-00C04F79EFBC}") = "SmartStore.App.UWP", "src\SmartStore.App\SmartStore.App.UWP\SmartStore.App.UWP.csproj", "{97F196A9-003B-42FA-A739-E99186DD0575}"
EndProject
Global
	GlobalSection(SolutionConfigurationPlatforms) = preSolution
		Debug|Any CPU = Debug|Any CPU
		Debug|ARM = Debug|ARM
		Debug|iPhone = Debug|iPhone
		Debug|iPhoneSimulator = Debug|iPhoneSimulator
		Debug|x64 = Debug|x64
		Debug|x86 = Debug|x86
		Release|Any CPU = Release|Any CPU
		Release|ARM = Release|ARM
		Release|iPhone = Release|iPhone
		Release|iPhoneSimulator = Release|iPhoneSimulator
		Release|x64 = Release|x64
		Release|x86 = Release|x86
	EndGlobalSection
	GlobalSection(ProjectConfigurationPlatforms) = postSolution
		{2C4F1B38-996F-4F99-ABBF-B43EC004F4A4}.Debug|Any CPU.ActiveCfg = Debug|Any CPU
		{2C4F1B38-996F-4F99-ABBF-B43EC004F4A4}.Debug|Any CPU.Build.0 = Debug|Any CPU
		{2C4F1B38-996F-4F99-ABBF-B43EC004F4A4}.Debug|ARM.ActiveCfg = Debug|Any CPU
		{2C4F1B38-996F-4F99-ABBF-B43EC004F4A4}.Debug|ARM.Build.0 = Debug|Any CPU
		{2C4F1B38-996F-4F99-ABBF-B43EC004F4A4}.Debug|iPhone.ActiveCfg = Debug|Any CPU
		{2C4F1B38-996F-4F99-ABBF-B43EC004F4A4}.Debug|iPhone.Build.0 = Debug|Any CPU
		{2C4F1B38-996F-4F99-ABBF-B43EC004F4A4}.Debug|iPhoneSimulator.ActiveCfg = Debug|Any CPU
		{2C4F1B38-996F-4F99-ABBF-B43EC004F4A4}.Debug|iPhoneSimulator.Build.0 = Debug|Any CPU
		{2C4F1B38-996F-4F99-ABBF-B43EC004F4A4}.Debug|x64.ActiveCfg = Debug|Any CPU
		{2C4F1B38-996F-4F99-ABBF-B43EC004F4A4}.Debug|x64.Build.0 = Debug|Any CPU
		{2C4F1B38-996F-4F99-ABBF-B43EC004F4A4}.Debug|x86.ActiveCfg = Debug|Any CPU
		{2C4F1B38-996F-4F99-ABBF-B43EC004F4A4}.Debug|x86.Build.0 = Debug|Any CPU
		{2C4F1B38-996F-4F99-ABBF-B43EC004F4A4}.Release|Any CPU.ActiveCfg = Release|Any CPU
		{2C4F1B38-996F-4F99-ABBF-B43EC004F4A4}.Release|Any CPU.Build.0 = Release|Any CPU
		{2C4F1B38-996F-4F99-ABBF-B43EC004F4A4}.Release|ARM.ActiveCfg = Release|Any CPU
		{2C4F1B38-996F-4F99-ABBF-B43EC004F4A4}.Release|ARM.Build.0 = Release|Any CPU
		{2C4F1B38-996F-4F99-ABBF-B43EC004F4A4}.Release|iPhone.ActiveCfg = Release|Any CPU
		{2C4F1B38-996F-4F99-ABBF-B43EC004F4A4}.Release|iPhone.Build.0 = Release|Any CPU
		{2C4F1B38-996F-4F99-ABBF-B43EC004F4A4}.Release|iPhoneSimulator.ActiveCfg = Release|Any CPU
		{2C4F1B38-996F-4F99-ABBF-B43EC004F4A4}.Release|iPhoneSimulator.Build.0 = Release|Any CPU
		{2C4F1B38-996F-4F99-ABBF-B43EC004F4A4}.Release|x64.ActiveCfg = Release|Any CPU
		{2C4F1B38-996F-4F99-ABBF-B43EC004F4A4}.Release|x64.Build.0 = Release|Any CPU
		{2C4F1B38-996F-4F99-ABBF-B43EC004F4A4}.Release|x86.ActiveCfg = Release|Any CPU
		{2C4F1B38-996F-4F99-ABBF-B43EC004F4A4}.Release|x86.Build.0 = Release|Any CPU
		{F22D9A43-6ED0-4C0C-B430-3AE09F7277FB}.Debug|Any CPU.ActiveCfg = Debug|Any CPU
		{F22D9A43-6ED0-4C0C-B430-3AE09F7277FB}.Debug|Any CPU.Build.0 = Debug|Any CPU
		{F22D9A43-6ED0-4C0C-B430-3AE09F7277FB}.Debug|Any CPU.Deploy.0 = Debug|Any CPU
		{F22D9A43-6ED0-4C0C-B430-3AE09F7277FB}.Debug|ARM.ActiveCfg = Debug|Any CPU
		{F22D9A43-6ED0-4C0C-B430-3AE09F7277FB}.Debug|ARM.Build.0 = Debug|Any CPU
		{F22D9A43-6ED0-4C0C-B430-3AE09F7277FB}.Debug|ARM.Deploy.0 = Debug|Any CPU
		{F22D9A43-6ED0-4C0C-B430-3AE09F7277FB}.Debug|iPhone.ActiveCfg = Debug|Any CPU
		{F22D9A43-6ED0-4C0C-B430-3AE09F7277FB}.Debug|iPhone.Build.0 = Debug|Any CPU
		{F22D9A43-6ED0-4C0C-B430-3AE09F7277FB}.Debug|iPhone.Deploy.0 = Debug|Any CPU
		{F22D9A43-6ED0-4C0C-B430-3AE09F7277FB}.Debug|iPhoneSimulator.ActiveCfg = Debug|Any CPU
		{F22D9A43-6ED0-4C0C-B430-3AE09F7277FB}.Debug|iPhoneSimulator.Build.0 = Debug|Any CPU
		{F22D9A43-6ED0-4C0C-B430-3AE09F7277FB}.Debug|iPhoneSimulator.Deploy.0 = Debug|Any CPU
		{F22D9A43-6ED0-4C0C-B430-3AE09F7277FB}.Debug|x64.ActiveCfg = Debug|Any CPU
		{F22D9A43-6ED0-4C0C-B430-3AE09F7277FB}.Debug|x64.Build.0 = Debug|Any CPU
		{F22D9A43-6ED0-4C0C-B430-3AE09F7277FB}.Debug|x64.Deploy.0 = Debug|Any CPU
		{F22D9A43-6ED0-4C0C-B430-3AE09F7277FB}.Debug|x86.ActiveCfg = Debug|Any CPU
		{F22D9A43-6ED0-4C0C-B430-3AE09F7277FB}.Debug|x86.Build.0 = Debug|Any CPU
		{F22D9A43-6ED0-4C0C-B430-3AE09F7277FB}.Debug|x86.Deploy.0 = Debug|Any CPU
		{F22D9A43-6ED0-4C0C-B430-3AE09F7277FB}.Release|Any CPU.ActiveCfg = Release|Any CPU
		{F22D9A43-6ED0-4C0C-B430-3AE09F7277FB}.Release|Any CPU.Build.0 = Release|Any CPU
		{F22D9A43-6ED0-4C0C-B430-3AE09F7277FB}.Release|Any CPU.Deploy.0 = Release|Any CPU
		{F22D9A43-6ED0-4C0C-B430-3AE09F7277FB}.Release|ARM.ActiveCfg = Release|Any CPU
		{F22D9A43-6ED0-4C0C-B430-3AE09F7277FB}.Release|ARM.Build.0 = Release|Any CPU
		{F22D9A43-6ED0-4C0C-B430-3AE09F7277FB}.Release|ARM.Deploy.0 = Release|Any CPU
		{F22D9A43-6ED0-4C0C-B430-3AE09F7277FB}.Release|iPhone.ActiveCfg = Release|Any CPU
		{F22D9A43-6ED0-4C0C-B430-3AE09F7277FB}.Release|iPhone.Build.0 = Release|Any CPU
		{F22D9A43-6ED0-4C0C-B430-3AE09F7277FB}.Release|iPhone.Deploy.0 = Release|Any CPU
		{F22D9A43-6ED0-4C0C-B430-3AE09F7277FB}.Release|iPhoneSimulator.ActiveCfg = Release|Any CPU
		{F22D9A43-6ED0-4C0C-B430-3AE09F7277FB}.Release|iPhoneSimulator.Build.0 = Release|Any CPU
		{F22D9A43-6ED0-4C0C-B430-3AE09F7277FB}.Release|iPhoneSimulator.Deploy.0 = Release|Any CPU
		{F22D9A43-6ED0-4C0C-B430-3AE09F7277FB}.Release|x64.ActiveCfg = Release|Any CPU
		{F22D9A43-6ED0-4C0C-B430-3AE09F7277FB}.Release|x64.Build.0 = Release|Any CPU
		{F22D9A43-6ED0-4C0C-B430-3AE09F7277FB}.Release|x64.Deploy.0 = Release|Any CPU
		{F22D9A43-6ED0-4C0C-B430-3AE09F7277FB}.Release|x86.ActiveCfg = Release|Any CPU
		{F22D9A43-6ED0-4C0C-B430-3AE09F7277FB}.Release|x86.Build.0 = Release|Any CPU
		{F22D9A43-6ED0-4C0C-B430-3AE09F7277FB}.Release|x86.Deploy.0 = Release|Any CPU
		{3AEA9D82-66EE-4535-8541-167213A949C3}.Debug|Any CPU.ActiveCfg = Debug|iPhone
		{3AEA9D82-66EE-4535-8541-167213A949C3}.Debug|ARM.ActiveCfg = Debug|iPhone
		{3AEA9D82-66EE-4535-8541-167213A949C3}.Debug|iPhone.ActiveCfg = Debug|iPhone
		{3AEA9D82-66EE-4535-8541-167213A949C3}.Debug|iPhone.Build.0 = Debug|iPhone
		{3AEA9D82-66EE-4535-8541-167213A949C3}.Debug|iPhoneSimulator.ActiveCfg = Debug|iPhoneSimulator
		{3AEA9D82-66EE-4535-8541-167213A949C3}.Debug|iPhoneSimulator.Build.0 = Debug|iPhoneSimulator
		{3AEA9D82-66EE-4535-8541-167213A949C3}.Debug|x64.ActiveCfg = Debug|iPhone
		{3AEA9D82-66EE-4535-8541-167213A949C3}.Debug|x86.ActiveCfg = Debug|iPhone
		{3AEA9D82-66EE-4535-8541-167213A949C3}.Release|Any CPU.ActiveCfg = Release|iPhone
		{3AEA9D82-66EE-4535-8541-167213A949C3}.Release|ARM.ActiveCfg = Release|iPhone
		{3AEA9D82-66EE-4535-8541-167213A949C3}.Release|iPhone.ActiveCfg = Release|iPhone
		{3AEA9D82-66EE-4535-8541-167213A949C3}.Release|iPhone.Build.0 = Release|iPhone
		{3AEA9D82-66EE-4535-8541-167213A949C3}.Release|iPhoneSimulator.ActiveCfg = Release|iPhoneSimulator
		{3AEA9D82-66EE-4535-8541-167213A949C3}.Release|iPhoneSimulator.Build.0 = Release|iPhoneSimulator
		{3AEA9D82-66EE-4535-8541-167213A949C3}.Release|x64.ActiveCfg = Release|iPhone
		{3AEA9D82-66EE-4535-8541-167213A949C3}.Release|x86.ActiveCfg = Release|iPhone
		{97F196A9-003B-42FA-A739-E99186DD0575}.Debug|Any CPU.ActiveCfg = Debug|x86
		{97F196A9-003B-42FA-A739-E99186DD0575}.Debug|ARM.ActiveCfg = Debug|ARM
		{97F196A9-003B-42FA-A739-E99186DD0575}.Debug|ARM.Build.0 = Debug|ARM
		{97F196A9-003B-42FA-A739-E99186DD0575}.Debug|ARM.Deploy.0 = Debug|ARM
		{97F196A9-003B-42FA-A739-E99186DD0575}.Debug|iPhone.ActiveCfg = Debug|x86
		{97F196A9-003B-42FA-A739-E99186DD0575}.Debug|iPhoneSimulator.ActiveCfg = Debug|x86
		{97F196A9-003B-42FA-A739-E99186DD0575}.Debug|x64.ActiveCfg = Debug|x64
		{97F196A9-003B-42FA-A739-E99186DD0575}.Debug|x64.Build.0 = Debug|x64
		{97F196A9-003B-42FA-A739-E99186DD0575}.Debug|x64.Deploy.0 = Debug|x64
		{97F196A9-003B-42FA-A739-E99186DD0575}.Debug|x86.ActiveCfg = Debug|x86
		{97F196A9-003B-42FA-A739-E99186DD0575}.Debug|x86.Build.0 = Debug|x86
		{97F196A9-003B-42FA-A739-E99186DD0575}.Debug|x86.Deploy.0 = Debug|x86
		{97F196A9-003B-42FA-A739-E99186DD0575}.Release|Any CPU.ActiveCfg = Release|x86
		{97F196A9-003B-42FA-A739-E99186DD0575}.Release|ARM.ActiveCfg = Release|ARM
		{97F196A9-003B-42FA-A739-E99186DD0575}.Release|ARM.Build.0 = Release|ARM
		{97F196A9-003B-42FA-A739-E99186DD0575}.Release|ARM.Deploy.0 = Release|ARM
		{97F196A9-003B-42FA-A739-E99186DD0575}.Release|iPhone.ActiveCfg = Release|x86
		{97F196A9-003B-42FA-A739-E99186DD0575}.Release|iPhoneSimulator.ActiveCfg = Release|x86
		{97F196A9-003B-42FA-A739-E99186DD0575}.Release|x64.ActiveCfg = Release|x64
		{97F196A9-003B-42FA-A739-E99186DD0575}.Release|x64.Build.0 = Release|x64
		{97F196A9-003B-42FA-A739-E99186DD0575}.Release|x64.Deploy.0 = Release|x64
		{97F196A9-003B-42FA-A739-E99186DD0575}.Release|x86.ActiveCfg = Release|x86
		{97F196A9-003B-42FA-A739-E99186DD0575}.Release|x86.Build.0 = Release|x86
		{97F196A9-003B-42FA-A739-E99186DD0575}.Release|x86.Deploy.0 = Release|x86
	EndGlobalSection
	GlobalSection(SolutionProperties) = preSolution
		HideSolutionNode = FALSE
	EndGlobalSection
	GlobalSection(ExtensibilityGlobals) = postSolution
		SolutionGuid = {6696D0B5-FC4B-4762-BCB3-4BAFDAFFCE7D}
	EndGlobalSection
EndGlobal
