
Microsoft Visual Studio Solution File, Format Version 12.00
# Visual Studio 15
VisualStudioVersion = 15.0.28307.572
MinimumVisualStudioVersion = 10.0.40219.1
Project("{9A19103F-16F7-4668-BE54-9A1E7A4F7556}") = "SmartStore.Api", "src\SmartStore.Api\SmartStore.Api.csproj", "{AD20E9FD-9D1E-472B-8E5D-3D40FF7A0557}"
EndProject
Project("{9A19103F-16F7-4668-BE54-9A1E7A4F7556}") = "SmartStore.Console", "src\SmartStore.Console\SmartStore.Console.csproj", "{85D0E677-EFC4-45F3-85CF-FA60514F8D19}"
EndProject
Project("{9A19103F-16F7-4668-BE54-9A1E7A4F7556}") = "SmartStore.Identity", "src\SmartStore.Identity\SmartStore.Identity.csproj", "{301CCE6E-FEA9-4395-8D66-8DF8591C308F}"
EndProject
Project("{9A19103F-16F7-4668-BE54-9A1E7A4F7556}") = "SmartStore.Web", "src\SmartStore.Web\SmartStore.Web.csproj", "{AC928789-4575-4EB1-9CB3-014B5F08D20E}"
EndProject
Global
	GlobalSection(SolutionConfigurationPlatforms) = preSolution
		Debug|Any CPU = Debug|Any CPU
		Release|Any CPU = Release|Any CPU
	EndGlobalSection
	GlobalSection(ProjectConfigurationPlatforms) = postSolution
		{AD20E9FD-9D1E-472B-8E5D-3D40FF7A0557}.Debug|Any CPU.ActiveCfg = Debug|Any CPU
		{AD20E9FD-9D1E-472B-8E5D-3D40FF7A0557}.Debug|Any CPU.Build.0 = Debug|Any CPU
		{AD20E9FD-9D1E-472B-8E5D-3D40FF7A0557}.Release|Any CPU.ActiveCfg = Release|Any CPU
		{AD20E9FD-9D1E-472B-8E5D-3D40FF7A0557}.Release|Any CPU.Build.0 = Release|Any CPU
		{85D0E677-EFC4-45F3-85CF-FA60514F8D19}.Debug|Any CPU.ActiveCfg = Debug|Any CPU
		{85D0E677-EFC4-45F3-85CF-FA60514F8D19}.Debug|Any CPU.Build.0 = Debug|Any CPU
		{85D0E677-EFC4-45F3-85CF-FA60514F8D19}.Release|Any CPU.ActiveCfg = Release|Any CPU
		{85D0E677-EFC4-45F3-85CF-FA60514F8D19}.Release|Any CPU.Build.0 = Release|Any CPU
		{301CCE6E-FEA9-4395-8D66-8DF8591C308F}.Debug|Any CPU.ActiveCfg = Debug|Any CPU
		{301CCE6E-FEA9-4395-8D66-8DF8591C308F}.Debug|Any CPU.Build.0 = Debug|Any CPU
		{301CCE6E-FEA9-4395-8D66-8DF8591C308F}.Release|Any CPU.ActiveCfg = Release|Any CPU
		{301CCE6E-FEA9-4395-8D66-8DF8591C308F}.Release|Any CPU.Build.0 = Release|Any CPU
		{AC928789-4575-4EB1-9CB3-014B5F08D20E}.Debug|Any CPU.ActiveCfg = Debug|Any CPU
		{AC928789-4575-4EB1-9CB3-014B5F08D20E}.Debug|Any CPU.Build.0 = Debug|Any CPU
		{AC928789-4575-4EB1-9CB3-014B5F08D20E}.Release|Any CPU.ActiveCfg = Release|Any CPU
		{AC928789-4575-4EB1-9CB3-014B5F08D20E}.Release|Any CPU.Build.0 = Release|Any CPU
	EndGlobalSection
	GlobalSection(SolutionProperties) = preSolution
		HideSolutionNode = FALSE
	EndGlobalSection
	GlobalSection(ExtensibilityGlobals) = postSolution
		SolutionGuid = {C6C1909D-B0C8-4FA9-B895-33ED2F63D0AF}
	EndGlobalSection
EndGlobal
